
Microsoft Visual Studio Solution File, Format Version 12.00
# Visual Studio Version 16
VisualStudioVersion = 16.0.31605.320
MinimumVisualStudioVersion = 10.0.40219.1
Project("{9A19103F-16F7-4668-BE54-9A1E7A4F7556}") = "OA.DataAccess", "OA.DataAccess\OA.DataAccess.csproj", "{1DF45555-2A76-435B-AA38-8B7D23DA4921}"
EndProject
Project("{FAE04EC0-301F-11D3-BF4B-00C04F79EFBC}") = "OA.Repository", "OA.Repository\OA.Repository.csproj", "{5D83BFEE-6655-4957-B1EC-2C3EE57CB592}"
EndProject
Project("{FAE04EC0-301F-11D3-BF4B-00C04F79EFBC}") = "OA.Service", "OA.Service\OA.Service.csproj", "{77FB4759-41D4-4773-A632-1C170D047F6F}"
EndProject
Project("{FAE04EC0-301F-11D3-BF4B-00C04F79EFBC}") = "OA.API", "OA.API\OA.API.csproj", "{C1E68EA3-12B8-4A3A-9C87-3BECE0DED411}"
EndProject
Global
	GlobalSection(SolutionConfigurationPlatforms) = preSolution
		Debug|Any CPU = Debug|Any CPU
		Release|Any CPU = Release|Any CPU
	EndGlobalSection
	GlobalSection(ProjectConfigurationPlatforms) = postSolution
		{1DF45555-2A76-435B-AA38-8B7D23DA4921}.Debug|Any CPU.ActiveCfg = Debug|Any CPU
		{1DF45555-2A76-435B-AA38-8B7D23DA4921}.Debug|Any CPU.Build.0 = Debug|Any CPU
		{1DF45555-2A76-435B-AA38-8B7D23DA4921}.Release|Any CPU.ActiveCfg = Release|Any CPU
		{1DF45555-2A76-435B-AA38-8B7D23DA4921}.Release|Any CPU.Build.0 = Release|Any CPU
		{5D83BFEE-6655-4957-B1EC-2C3EE57CB592}.Debug|Any CPU.ActiveCfg = Debug|Any CPU
		{5D83BFEE-6655-4957-B1EC-2C3EE57CB592}.Debug|Any CPU.Build.0 = Debug|Any CPU
		{5D83BFEE-6655-4957-B1EC-2C3EE57CB592}.Release|Any CPU.ActiveCfg = Release|Any CPU
		{5D83BFEE-6655-4957-B1EC-2C3EE57CB592}.Release|Any CPU.Build.0 = Release|Any CPU
		{77FB4759-41D4-4773-A632-1C170D047F6F}.Debug|Any CPU.ActiveCfg = Debug|Any CPU
		{77FB4759-41D4-4773-A632-1C170D047F6F}.Debug|Any CPU.Build.0 = Debug|Any CPU
		{77FB4759-41D4-4773-A632-1C170D047F6F}.Release|Any CPU.ActiveCfg = Release|Any CPU
		{77FB4759-41D4-4773-A632-1C170D047F6F}.Release|Any CPU.Build.0 = Release|Any CPU
		{C1E68EA3-12B8-4A3A-9C87-3BECE0DED411}.Debug|Any CPU.ActiveCfg = Debug|Any CPU
		{C1E68EA3-12B8-4A3A-9C87-3BECE0DED411}.Debug|Any CPU.Build.0 = Debug|Any CPU
		{C1E68EA3-12B8-4A3A-9C87-3BECE0DED411}.Release|Any CPU.ActiveCfg = Release|Any CPU
		{C1E68EA3-12B8-4A3A-9C87-3BECE0DED411}.Release|Any CPU.Build.0 = Release|Any CPU
	EndGlobalSection
	GlobalSection(SolutionProperties) = preSolution
		HideSolutionNode = FALSE
	EndGlobalSection
	GlobalSection(ExtensibilityGlobals) = postSolution
		SolutionGuid = {0EF4E726-4D7D-4ED8-930F-87429BAE0F71}
	EndGlobalSection
EndGlobal
